
Microsoft Visual Studio Solution File, Format Version 12.00
# Visual Studio Version 16
VisualStudioVersion = 16.0.29418.71
MinimumVisualStudioVersion = 10.0.40219.1
Project("{FAE04EC0-301F-11D3-BF4B-00C04F79EFBC}") = "QCDS", "QCDS\QCDS.csproj", "{2066433F-5B59-4D27-8560-35FD0CD7255B}"
EndProject
Project("{FAE04EC0-301F-11D3-BF4B-00C04F79EFBC}") = "Model", "Model\Model.csproj", "{3783BF4A-9654-498B-BE84-3A8BFF7E1BE8}"
EndProject
Global
	GlobalSection(SolutionConfigurationPlatforms) = preSolution
		Debug|Any CPU = Debug|Any CPU
		Release|Any CPU = Release|Any CPU
	EndGlobalSection
	GlobalSection(ProjectConfigurationPlatforms) = postSolution
		{2066433F-5B59-4D27-8560-35FD0CD7255B}.Debug|Any CPU.ActiveCfg = Debug|Any CPU
		{2066433F-5B59-4D27-8560-35FD0CD7255B}.Debug|Any CPU.Build.0 = Debug|Any CPU
		{2066433F-5B59-4D27-8560-35FD0CD7255B}.Release|Any CPU.ActiveCfg = Release|Any CPU
		{2066433F-5B59-4D27-8560-35FD0CD7255B}.Release|Any CPU.Build.0 = Release|Any CPU
		{3783BF4A-9654-498B-BE84-3A8BFF7E1BE8}.Debug|Any CPU.ActiveCfg = Debug|Any CPU
		{3783BF4A-9654-498B-BE84-3A8BFF7E1BE8}.Debug|Any CPU.Build.0 = Debug|Any CPU
		{3783BF4A-9654-498B-BE84-3A8BFF7E1BE8}.Release|Any CPU.ActiveCfg = Release|Any CPU
		{3783BF4A-9654-498B-BE84-3A8BFF7E1BE8}.Release|Any CPU.Build.0 = Release|Any CPU
	EndGlobalSection
	GlobalSection(SolutionProperties) = preSolution
		HideSolutionNode = FALSE
	EndGlobalSection
	GlobalSection(ExtensibilityGlobals) = postSolution
		SolutionGuid = {5D79E389-07C1-496C-977E-2D9011FC13A2}
	EndGlobalSection
EndGlobal
